# This file is automatically @generated by Cargo.
# It is not intended for manual editing.
version = 4

[[package]]
name = "gwrdfa-container"
version = "0.0.1"
dependencies = [
 "parabyzantine",
]

[[package]]
name = "gwrdfa-resample"
version = "0.0.1"
dependencies = [
 "parabyzantine",
]

[[package]]
name = "parabyzantine"
version = "0.0.1"
